
Microsoft Visual Studio Solution File, Format Version 12.00
# Visual Studio Version 16
VisualStudioVersion = 16.0.32413.511
MinimumVisualStudioVersion = 10.0.40219.1
Project("{FAE04EC0-301F-11D3-BF4B-00C04F79EFBC}") = "attendance_system", "attendance_system\attendance_system.csproj", "{C5BBCD4D-0143-42B4-B9F8-865FA7874031}"
EndProject
Global
	GlobalSection(SolutionConfigurationPlatforms) = preSolution
		Debug|Any CPU = Debug|Any CPU
		Release|Any CPU = Release|Any CPU
	EndGlobalSection
	GlobalSection(ProjectConfigurationPlatforms) = postSolution
		{C5BBCD4D-0143-42B4-B9F8-865FA7874031}.Debug|Any CPU.ActiveCfg = Debug|Any CPU
		{C5BBCD4D-0143-42B4-B9F8-865FA7874031}.Debug|Any CPU.Build.0 = Debug|Any CPU
		{C5BBCD4D-0143-42B4-B9F8-865FA7874031}.Release|Any CPU.ActiveCfg = Release|Any CPU
		{C5BBCD4D-0143-42B4-B9F8-865FA7874031}.Release|Any CPU.Build.0 = Release|Any CPU
	EndGlobalSection
	GlobalSection(SolutionProperties) = preSolution
		HideSolutionNode = FALSE
	EndGlobalSection
	GlobalSection(ExtensibilityGlobals) = postSolution
		SolutionGuid = {029418FE-0B79-438E-8D0B-983BDCEA2E73}
	EndGlobalSection
EndGlobal
